<Solution>
  <Folder Name="/FrontEnd/">
    <Project Path="Mango.Web/Mango.Web.csproj" Id="38586363-9050-409f-8de1-7d172ac75725" />
  </Folder>
  <Folder Name="/Gateway/" />
  <Folder Name="/Integration/" />
  <Folder Name="/Services/">
    <Project Path="Mango.Services.CouponAPI/Mango.Services.CouponAPI.csproj" />
  </Folder>
</Solution>
